
Microsoft Visual Studio Solution File, Format Version 12.00
# Visual Studio Version 17
VisualStudioVersion = 17.7.34031.279
MinimumVisualStudioVersion = 10.0.40219.1
Project("{FAE04EC0-301F-11D3-BF4B-00C04F79EFBC}") = "HelloWindowsBILSube2", "HelloWindowsBILSube2\HelloWindowsBILSube2.csproj", "{32D578BF-149A-46A4-B98F-37CD0AECAE2D}"
EndProject
Global
	GlobalSection(SolutionConfigurationPlatforms) = preSolution
		Debug|Any CPU = Debug|Any CPU
		Release|Any CPU = Release|Any CPU
	EndGlobalSection
	GlobalSection(ProjectConfigurationPlatforms) = postSolution
		{32D578BF-149A-46A4-B98F-37CD0AECAE2D}.Debug|Any CPU.ActiveCfg = Debug|Any CPU
		{32D578BF-149A-46A4-B98F-37CD0AECAE2D}.Debug|Any CPU.Build.0 = Debug|Any CPU
		{32D578BF-149A-46A4-B98F-37CD0AECAE2D}.Release|Any CPU.ActiveCfg = Release|Any CPU
		{32D578BF-149A-46A4-B98F-37CD0AECAE2D}.Release|Any CPU.Build.0 = Release|Any CPU
	EndGlobalSection
	GlobalSection(SolutionProperties) = preSolution
		HideSolutionNode = FALSE
	EndGlobalSection
	GlobalSection(ExtensibilityGlobals) = postSolution
		SolutionGuid = {EC9ACEA6-64DD-4595-89A5-19C41350F458}
	EndGlobalSection
EndGlobal
